[[package]]
category = "dev"
description = "A small Python module for determining appropriate platform-specific dirs, e.g. a \"user data dir\"."
name = "appdirs"
optional = false
python-versions = "*"
version = "1.4.4"

[[package]]
category = "dev"
description = "Atomic file writes."
marker = "sys_platform == \"win32\""
name = "atomicwrites"
optional = false
python-versions = ">=2.7, !=3.0.*, !=3.1.*, !=3.2.*, !=3.3.*"
version = "1.4.0"

[[package]]
category = "dev"
description = "Classes Without Boilerplate"
name = "attrs"
optional = false
python-versions = ">=2.7, !=3.0.*, !=3.1.*, !=3.2.*, !=3.3.*"
version = "20.3.0"

[[package]]
category = "dev"
description = "Validate configuration and produce human readable error messages."
name = "cfgv"
optional = false
python-versions = ">=3.6.1"
version = "3.2.0"

[[package]]
category = "main"
description = "Composable command line interface toolkit"
name = "click"
optional = false
python-versions = ">=2.7, !=3.0.*, !=3.1.*, !=3.2.*, !=3.3.*, !=3.4.*"
version = "7.1.2"

[[package]]
category = "dev"
description = "Cross-platform colored terminal text."
marker = "sys_platform == \"win32\""
name = "colorama"
optional = false
python-versions = ">=2.7, !=3.0.*, !=3.1.*, !=3.2.*, !=3.3.*, !=3.4.*"
version = "0.4.4"

[[package]]
category = "dev"
description = "Code coverage measurement for Python"
name = "coverage"
optional = false
python-versions = ">=2.7, !=3.0.*, !=3.1.*, !=3.2.*, !=3.3.*, !=3.4.*, <4"
version = "5.5"

[[package]]
category = "dev"
description = "Distribution utilities"
name = "distlib"
optional = false
python-versions = "*"
version = "0.3.1"

[[package]]
category = "dev"
description = "A platform independent file lock."
name = "filelock"
optional = false
python-versions = "*"
version = "3.0.12"

[[package]]
category = "dev"
description = "File identification library for Python"
name = "identify"
optional = false
python-versions = ">=3.6.1"
version = "2.2.4"

[[package]]
category = "dev"
description = "Read metadata from Python packages"
marker = "python_version < \"3.8\""
name = "importlib-metadata"
optional = false
python-versions = ">=3.6"
version = "4.0.1"

[package.dependencies]
zipp = ">=0.5"

[package.dependencies.typing-extensions]
python = "<3.8"
version = ">=3.6.4"

[[package]]
category = "dev"
description = "More routines for operating on iterables, beyond itertools"
name = "more-itertools"
optional = false
python-versions = ">=3.5"
version = "8.7.0"

[[package]]
category = "dev"
description = "Node.js virtual environment builder"
name = "nodeenv"
optional = false
python-versions = "*"
version = "1.6.0"

[[package]]
category = "dev"
description = "Core utilities for Python packages"
name = "packaging"
optional = false
python-versions = ">=2.7, !=3.0.*, !=3.1.*, !=3.2.*, !=3.3.*"
version = "20.9"

[package.dependencies]
pyparsing = ">=2.0.2"

[[package]]
category = "dev"
description = "plugin and hook calling mechanisms for python"
name = "pluggy"
optional = false
python-versions = ">=2.7, !=3.0.*, !=3.1.*, !=3.2.*, !=3.3.*"
version = "0.13.1"

[package.dependencies]
[package.dependencies.importlib-metadata]
python = "<3.8"
version = ">=0.12"

[[package]]
category = "main"
description = "Python library for extracting version from poetry pyproject.toml file"
name = "poetry-version"
optional = false
python-versions = ">=2.7, !=3.0.*, !=3.1.*, !=3.2.*, !=3.3.*"
version = "0.1.5"

[package.dependencies]
tomlkit = ">=0.4.6,<0.6.0"

[[package]]
category = "dev"
description = "A framework for managing and maintaining multi-language pre-commit hooks."
name = "pre-commit"
optional = false
python-versions = ">=3.6.1"
version = "2.12.1"

[package.dependencies]
cfgv = ">=2.0.0"
identify = ">=1.0.0"
nodeenv = ">=0.11.1"
pyyaml = ">=5.1"
toml = "*"
virtualenv = ">=20.0.8"

[package.dependencies.importlib-metadata]
python = "<3.8"
version = "*"

[[package]]
category = "dev"
description = "library with cross-python path, ini-parsing, io, code, log facilities"
name = "py"
optional = false
python-versions = ">=2.7, !=3.0.*, !=3.1.*, !=3.2.*, !=3.3.*"
version = "1.10.0"

[[package]]
category = "dev"
description = "Python parsing module"
name = "pyparsing"
optional = false
python-versions = ">=2.6, !=3.0.*, !=3.1.*, !=3.2.*"
version = "2.4.7"

[[package]]
category = "dev"
description = "pytest: simple powerful testing with Python"
name = "pytest"
optional = false
python-versions = ">=3.5"
version = "5.4.3"

[package.dependencies]
atomicwrites = ">=1.0"
attrs = ">=17.4.0"
colorama = "*"
more-itertools = ">=4.0.0"
packaging = "*"
pluggy = ">=0.12,<1.0"
py = ">=1.5.0"
wcwidth = "*"

[package.dependencies.importlib-metadata]
python = "<3.8"
version = ">=0.12"

[[package]]
category = "dev"
description = "Pytest plugin for measuring coverage."
name = "pytest-cov"
optional = false
python-versions = ">=2.7, !=3.0.*, !=3.1.*, !=3.2.*, !=3.3.*, !=3.4.*"
version = "2.11.1"

[package.dependencies]
coverage = ">=5.2.1"
pytest = ">=4.6"

[[package]]
category = "main"
description = "Read key-value pairs from a .env file and set them as environment variables"
name = "python-dotenv"
optional = false
python-versions = "*"
version = "0.17.0"

[[package]]
category = "main"
description = "YAML parser and emitter for Python"
name = "pyyaml"
optional = false
python-versions = ">=2.7, !=3.0.*, !=3.1.*, !=3.2.*, !=3.3.*, !=3.4.*, !=3.5.*"
version = "5.4.1"

[[package]]
category = "dev"
description = "Python 2 and 3 compatibility utilities"
name = "six"
optional = false
python-versions = ">=2.7, !=3.0.*, !=3.1.*, !=3.2.*"
version = "1.15.0"

[[package]]
category = "dev"
description = "Python Library for Tom's Obvious, Minimal Language"
name = "toml"
optional = false
python-versions = ">=2.6, !=3.0.*, !=3.1.*, !=3.2.*"
version = "0.10.2"

[[package]]
category = "main"
description = "Style preserving TOML library"
name = "tomlkit"
optional = false
python-versions = ">=2.7, !=3.0.*, !=3.1.*, !=3.2.*, !=3.3.*"
version = "0.5.11"

[[package]]
category = "dev"
description = "Backported and Experimental Type Hints for Python 3.5+"
marker = "python_version < \"3.8\""
name = "typing-extensions"
optional = false
python-versions = "*"
version = "3.7.4.3"

[[package]]
category = "dev"
description = "Virtual Python Environment builder"
name = "virtualenv"
optional = false
python-versions = "!=3.0.*,!=3.1.*,!=3.2.*,!=3.3.*,>=2.7"
version = "20.4.4"

[package.dependencies]
appdirs = ">=1.4.3,<2"
distlib = ">=0.3.1,<1"
filelock = ">=3.0.0,<4"
six = ">=1.9.0,<2"

[package.dependencies.importlib-metadata]
python = "<3.8"
version = ">=0.12"

[[package]]
category = "dev"
description = "Measures the displayed width of unicode strings in a terminal"
name = "wcwidth"
optional = false
python-versions = "*"
version = "0.2.5"

[[package]]
category = "dev"
description = "Backport of pathlib-compatible object wrapper for zip files"
marker = "python_version < \"3.8\""
name = "zipp"
optional = false
python-versions = ">=3.6"
version = "3.4.1"

[metadata]
content-hash = "763ffd8a376daf77bc59a8ce4af39bd70edf7f60890424597b2bc0d9c984740f"
python-versions = "==3.*,>=3.7.0"

[metadata.hashes]
appdirs = ["7d5d0167b2b1ba821647616af46a749d1c653740dd0d2415100fe26e27afdf41", "a841dacd6b99318a741b166adb07e19ee71a274450e68237b4650ca1055ab128"]
atomicwrites = ["6d1784dea7c0c8d4a5172b6c620f40b6e4cbfdf96d783691f2e1302a7b88e197", "ae70396ad1a434f9c7046fd2dd196fc04b12f9e91ffb859164193be8b6168a7a"]
attrs = ["31b2eced602aa8423c2aea9c76a724617ed67cf9513173fd3a4f03e3a929c7e6", "832aa3cde19744e49938b91fea06d69ecb9e649c93ba974535d08ad92164f700"]
cfgv = ["32e43d604bbe7896fe7c248a9c2276447dbef840feb28fe20494f62af110211d", "cf22deb93d4bcf92f345a5c3cd39d3d41d6340adc60c78bbbd6588c384fda6a1"]
click = ["d2b5255c7c6349bc1bd1e59e08cd12acbbd63ce649f2588755783aa94dfb6b1a", "dacca89f4bfadd5de3d7489b7c8a566eee0d3676333fbb50030263894c38c0dc"]
colorama = ["5941b2b48a20143d2267e95b1c2a7603ce057ee39fd88e7329b0c292aa16869b", "9f47eda37229f68eee03b24b9748937c7dc3868f906e8ba69fbcbdd3bc5dc3e2"]
coverage = ["004d1880bed2d97151facef49f08e255a20ceb6f9432df75f4eef018fdd5a78c", "01d84219b5cdbfc8122223b39a954820929497a1cb1422824bb86b07b74594b6", "040af6c32813fa3eae5305d53f18875bedd079960822ef8ec067a66dd8afcd45", "06191eb60f8d8a5bc046f3799f8a07a2d7aefb9504b0209aff0b47298333302a", "13034c4409db851670bc9acd836243aeee299949bd5673e11844befcb0149f03", "13c4ee887eca0f4c5a247b75398d4114c37882658300e153113dafb1d76de529", "184a47bbe0aa6400ed2d41d8e9ed868b8205046518c52464fde713ea06e3a74a", "18ba8bbede96a2c3dde7b868de9dcbd55670690af0988713f0603f037848418a", "1aa846f56c3d49205c952d8318e76ccc2ae23303351d9270ab220004c580cfe2", "217658ec7187497e3f3ebd901afdca1af062b42cfe3e0dafea4cced3983739f6", "24d4a7de75446be83244eabbff746d66b9240ae020ced65d060815fac3423759", "2910f4d36a6a9b4214bb7038d537f015346f413a975d57ca6b43bf23d6563b53", "2949cad1c5208b8298d5686d5a85b66aae46d73eec2c3e08c817dd3513e5848a", "2a3859cb82dcbda1cfd3e6f71c27081d18aa251d20a17d87d26d4cd216fb0af4", "2cafbbb3af0733db200c9b5f798d18953b1a304d3f86a938367de1567f4b5bff", "2e0d881ad471768bf6e6c2bf905d183543f10098e3b3640fc029509530091502", "30c77c1dc9f253283e34c27935fded5015f7d1abe83bc7821680ac444eaf7793", "3487286bc29a5aa4b93a072e9592f22254291ce96a9fbc5251f566b6b7343cdb", "372da284cfd642d8e08ef606917846fa2ee350f64994bebfbd3afb0040436905", "41179b8a845742d1eb60449bdb2992196e211341818565abded11cfa90efb821", "44d654437b8ddd9eee7d1eaee28b7219bec228520ff809af170488fd2fed3e2b", "4a7697d8cb0f27399b0e393c0b90f0f1e40c82023ea4d45d22bce7032a5d7b81", "51cb9476a3987c8967ebab3f0fe144819781fca264f57f89760037a2ea191cb0", "52596d3d0e8bdf3af43db3e9ba8dcdaac724ba7b5ca3f6358529d56f7a166f8b", "53194af30d5bad77fcba80e23a1441c71abfb3e01192034f8246e0d8f99528f3", "5fec2d43a2cc6965edc0bb9e83e1e4b557f76f843a77a2496cbe719583ce8184", "6c90e11318f0d3c436a42409f2749ee1a115cd8b067d7f14c148f1ce5574d701", "74d881fc777ebb11c63736622b60cb9e4aee5cace591ce274fb69e582a12a61a", "7501140f755b725495941b43347ba8a2777407fc7f250d4f5a7d2a1050ba8e82", "796c9c3c79747146ebd278dbe1e5c5c05dd6b10cc3bcb8389dfdf844f3ead638", "869a64f53488f40fa5b5b9dcb9e9b2962a66a87dab37790f3fcfb5144b996ef5", "8963a499849a1fc54b35b1c9f162f4108017b2e6db2c46c1bed93a72262ed083", "8d0a0725ad7c1a0bcd8d1b437e191107d457e2ec1084b9f190630a4fb1af78e6", "900fbf7759501bc7807fd6638c947d7a831fc9fdf742dc10f02956ff7220fa90", "92b017ce34b68a7d67bd6d117e6d443a9bf63a2ecf8567bb3d8c6c7bc5014465", "970284a88b99673ccb2e4e334cfb38a10aab7cd44f7457564d11898a74b62d0a", "972c85d205b51e30e59525694670de6a8a89691186012535f9d7dbaa230e42c3", "9a1ef3b66e38ef8618ce5fdc7bea3d9f45f3624e2a66295eea5e57966c85909e", "af0e781009aaf59e25c5a678122391cb0f345ac0ec272c7961dc5455e1c40066", "b6d534e4b2ab35c9f93f46229363e17f63c53ad01330df9f2d6bd1187e5eaacf", "b7895207b4c843c76a25ab8c1e866261bcfe27bfaa20c192de5190121770672b", "c0891a6a97b09c1f3e073a890514d5012eb256845c451bd48f7968ef939bf4ae", "c2723d347ab06e7ddad1a58b2a821218239249a9e4365eaff6649d31180c1669", "d1f8bf7b90ba55699b3a5e44930e93ff0189aa27186e96071fac7dd0d06a1873", "d1f9ce122f83b2305592c11d64f181b87153fc2c2bbd3bb4a3dde8303cfb1a6b", "d314ed732c25d29775e84a960c3c60808b682c08d86602ec2c3008e1202e3bb6", "d636598c8305e1f90b439dbf4f66437de4a5e3c31fdf47ad29542478c8508bbb", "deee1077aae10d8fa88cb02c845cfba9b62c55e1183f52f6ae6a2df6a2187160", "ebe78fe9a0e874362175b02371bdfbee64d8edc42a044253ddf4ee7d3c15212c", "f030f8873312a16414c0d8e1a1ddff2d3235655a2174e3648b4fa66b3f2f1079", "f0b278ce10936db1a37e6954e15a3730bea96a0997c26d7fee88e6c396c2086d", "f11642dddbb0253cc8853254301b51390ba0081750a8ac03f20ea8103f0c56b6"]
distlib = ["8c09de2c67b3e7deef7184574fc060ab8a793e7adbb183d942c389c8b13c52fb", "edf6116872c863e1aa9d5bb7cb5e05a022c519a4594dc703843343a9ddd9bff1"]
filelock = ["18d82244ee114f543149c66a6e0c14e9c4f8a1044b5cdaadd0f82159d6a6ff59", "929b7d63ec5b7d6b71b0fa5ac14e030b3f70b75747cef1b10da9b879fef15836"]
identify = ["9bcc312d4e2fa96c7abebcdfb1119563b511b5e3985ac52f60d9116277865b2e", "ad9f3fa0c2316618dc4d840f627d474ab6de106392a4f00221820200f490f5a8"]
importlib-metadata = ["8c501196e49fb9df5df43833bdb1e4328f64847763ec8a50703148b73784d581", "d7eb1dea6d6a6086f8be21784cc9e3bcfa55872b52309bc5fad53a8ea444465d"]
more-itertools = ["5652a9ac72209ed7df8d9c15daf4e1aa0e3d2ccd3c87f8265a0673cd9cbc9ced", "c5d6da9ca3ff65220c3bfd2a8db06d698f05d4d2b9be57e1deb2be5a45019713"]
nodeenv = ["3ef13ff90291ba2a4a7a4ff9a979b63ffdd00a464dbe04acf0ea6471517a4c2b", "621e6b7076565ddcacd2db0294c0381e01fd28945ab36bcf00f41c5daf63bef7"]
packaging = ["5b327ac1320dc863dca72f4514ecc086f31186744b84a230374cc1fd776feae5", "67714da7f7bc052e064859c05c595155bd1ee9f69f76557e21f051443c20947a"]
pluggy = ["15b2acde666561e1298d71b523007ed7364de07029219b604cf808bfa1c765b0", "966c145cd83c96502c3c3868f50408687b38434af77734af1e9ca461a4081d2d"]
poetry-version = ["ba259257640cd36c76375563a001b9e85c6f54d764cc56b3eed0f3b5cefb0317", "f7d77b5c4f0761c5a5b9031f199c79c7f81d125676248053ea84e69ad79faa89"]
pre-commit = ["70c5ec1f30406250b706eda35e868b87e3e4ba099af8787e3e8b4b01e84f4712", "900d3c7e1bf4cf0374bb2893c24c23304952181405b4d88c9c40b72bda1bb8a9"]
py = ["21b81bda15b66ef5e1a777a21c4dcd9c20ad3efd0b3f817e7a809035269e1bd3", "3b80836aa6d1feeaa108e046da6423ab8f6ceda6468545ae8d02d9d58d18818a"]
pyparsing = ["c203ec8783bf771a155b207279b9bccb8dea02d8f0c9e5f8ead507bc3246ecc1", "ef9d7589ef3c200abe66653d3f1ab1033c3c419ae9b9bdb1240a85b024efc88b"]
pytest = ["5c0db86b698e8f170ba4582a492248919255fcd4c79b1ee64ace34301fb589a1", "7979331bfcba207414f5e1263b5a0f8f521d0f457318836a7355531ed1a4c7d8"]
pytest-cov = ["359952d9d39b9f822d9d29324483e7ba04a3a17dd7d05aa6beb7ea01e359e5f7", "bdb9fdb0b85a7cc825269a4c56b48ccaa5c7e365054b6038772c32ddcdc969da"]
python-dotenv = ["471b782da0af10da1a80341e8438fca5fadeba2881c54360d5fd8d03d03a4f4a", "49782a97c9d641e8a09ae1d9af0856cc587c8d2474919342d5104d85be9890b2"]
pyyaml = ["08682f6b72c722394747bddaf0aa62277e02557c0fd1c42cb853016a38f8dedf", "0f5f5786c0e09baddcd8b4b45f20a7b5d61a7e7e99846e3c799b05c7c53fa696", "129def1b7c1bf22faffd67b8f3724645203b79d8f4cc81f674654d9902cb4393", "294db365efa064d00b8d1ef65d8ea2c3426ac366c0c4368d930bf1c5fb497f77", "3b2b1824fe7112845700f815ff6a489360226a5609b96ec2190a45e62a9fc922", "3bd0e463264cf257d1ffd2e40223b197271046d09dadf73a0fe82b9c1fc385a5", "4465124ef1b18d9ace298060f4eccc64b0850899ac4ac53294547536533800c8", "49d4cdd9065b9b6e206d0595fee27a96b5dd22618e7520c33204a4a3239d5b10", "4e0583d24c881e14342eaf4ec5fbc97f934b999a6828693a99157fde912540cc", "5accb17103e43963b80e6f837831f38d314a0495500067cb25afab2e8d7a4018", "607774cbba28732bfa802b54baa7484215f530991055bb562efbed5b2f20a45e", "6c78645d400265a062508ae399b60b8c167bf003db364ecb26dcab2bda048253", "72a01f726a9c7851ca9bfad6fd09ca4e090a023c00945ea05ba1638c09dc3347", "74c1485f7707cf707a7aef42ef6322b8f97921bd89be2ab6317fd782c2d53183", "895f61ef02e8fed38159bb70f7e100e00f471eae2bc838cd0f4ebb21e28f8541", "8c1be557ee92a20f184922c7b6424e8ab6691788e6d86137c5d93c1a6ec1b8fb", "bb4191dfc9306777bc594117aee052446b3fa88737cd13b7188d0e7aa8162185", "bfb51918d4ff3d77c1c856a9699f8492c612cde32fd3bcd344af9be34999bfdc", "c20cfa2d49991c8b4147af39859b167664f2ad4561704ee74c1de03318e898db", "cb333c16912324fd5f769fff6bc5de372e9e7a202247b48870bc251ed40239aa", "d2d9808ea7b4af864f35ea216be506ecec180628aced0704e34aca0b040ffe46", "d483ad4e639292c90170eb6f7783ad19490e7a8defb3e46f97dfe4bacae89122", "dd5de0646207f053eb0d6c74ae45ba98c3395a571a2891858e87df7c9b9bd51b", "e1d4970ea66be07ae37a3c2e48b5ec63f7ba6804bdddfdbd3cfd954d25a82e63", "e4fac90784481d221a8e4b1162afa7c47ed953be40d31ab4629ae917510051df", "fa5ae20527d8e831e8230cbffd9f8fe952815b2b7dae6ffec25318803a7528fc", "fd7f6999a8070df521b6384004ef42833b9bd62cfee11a09bda1079b4b704247", "fdc842473cd33f45ff6bce46aea678a54e3d21f1b61a7750ce3c498eedfe25d6", "fe69978f3f768926cfa37b867e3843918e012cf83f680806599ddce33c2c68b0"]
six = ["30639c035cdb23534cd4aa2dd52c3bf48f06e5f4a941509c8bafd8ce11080259", "8b74bedcbbbaca38ff6d7491d76f2b06b3592611af620f8426e82dddb04a5ced"]
toml = ["806143ae5bfb6a3c6e736a764057db0e6a0e05e338b5630894a5f779cabb4f9b", "b3bda1d108d5dd99f4a20d24d9c348e91c4db7ab1b749200bded2f839ccbe68f"]
tomlkit = ["4e1bd6c9197d984528f9ff0cc9db667c317d8881288db50db20eeeb0f6b0380b", "f044eda25647882e5ef22b43a1688fb6ab12af2fc50e8456cdfc751c873101cf"]
typing-extensions = ["7cb407020f00f7bfc3cb3e7881628838e69d8f3fcab2f64742a5e76b2f841918", "99d4073b617d30288f569d3f13d2bd7548c3a7e4c8de87db09a9d29bb3a4a60c", "dafc7639cde7f1b6e1acc0f457842a83e722ccca8eef5270af2d74792619a89f"]
virtualenv = ["09c61377ef072f43568207dc8e46ddeac6bcdcaf288d49011bda0e7f4d38c4a2", "a935126db63128861987a7d5d30e23e8ec045a73840eeccb467c148514e29535"]
wcwidth = ["beb4802a9cebb9144e99086eff703a642a13d6a0052920003a230f3294bbe784", "c4d647b99872929fdb7bdcaa4fbe7f01413ed3d98077df798530e5b04f116c83"]
zipp = ["3607921face881ba3e026887d8150cca609d517579abe052ac81fc5aeffdbd76", "51cb66cc54621609dd593d1787f286ee42a5c0adbb4b29abea5a63edc3e03098"]
