[[package]]
name = "appdirs"
version = "1.4.3"
description = "A small Python module for determining appropriate platform-specific dirs, e.g. a \"user data dir\"."
category = "dev"
optional = false
python-versions = "*"

[[package]]
name = "atomicwrites"
version = "1.3.0"
description = "Atomic file writes."
category = "dev"
optional = false
python-versions = ">=2.7, !=3.0.*, !=3.1.*, !=3.2.*, !=3.3.*"

[[package]]
name = "attrs"
version = "19.3.0"
description = "Classes Without Boilerplate"
category = "dev"
optional = false
python-versions = ">=2.7, !=3.0.*, !=3.1.*, !=3.2.*, !=3.3.*"

[package.extras]
azure-pipelines = ["coverage", "hypothesis", "pympler", "pytest (>=4.3.0)", "six", "zope.interface", "pytest-azurepipelines"]
dev = ["coverage", "hypothesis", "pympler", "pytest (>=4.3.0)", "six", "zope.interface", "sphinx", "pre-commit"]
docs = ["sphinx", "zope.interface"]
tests = ["coverage", "hypothesis", "pympler", "pytest (>=4.3.0)", "six", "zope.interface"]

[[package]]
name = "cfgv"
version = "3.0.0"
description = "Validate configuration and produce human readable error messages."
category = "dev"
optional = false
python-versions = ">=3.6"

[[package]]
name = "click"
version = "7.0"
description = "Composable command line interface toolkit"
category = "main"
optional = false
python-versions = ">=2.7, !=3.0.*, !=3.1.*, !=3.2.*, !=3.3.*"

[[package]]
name = "colorama"
version = "0.4.3"
description = "Cross-platform colored terminal text."
category = "dev"
optional = false
python-versions = ">=2.7, !=3.0.*, !=3.1.*, !=3.2.*, !=3.3.*, !=3.4.*"

[[package]]
name = "coverage"
version = "5.3.1"
description = "Code coverage measurement for Python"
category = "dev"
optional = false
python-versions = ">=2.7, !=3.0.*, !=3.1.*, !=3.2.*, !=3.3.*, !=3.4.*, <4"

[package.extras]
toml = ["toml"]

[[package]]
name = "distlib"
version = "0.3.0"
description = "Distribution utilities"
category = "dev"
optional = false
python-versions = "*"

[[package]]
name = "filelock"
version = "3.0.12"
description = "A platform independent file lock."
category = "dev"
optional = false
python-versions = "*"

[[package]]
name = "identify"
version = "1.4.11"
description = "File identification library for Python"
category = "dev"
optional = false
python-versions = "!=3.0.*,!=3.1.*,!=3.2.*,!=3.3.*,>=2.7"

[package.extras]
license = ["editdistance"]

[[package]]
name = "importlib-metadata"
version = "1.5.0"
description = "Read metadata from Python packages"
category = "dev"
optional = false
python-versions = "!=3.0.*,!=3.1.*,!=3.2.*,!=3.3.*,!=3.4.*,>=2.7"

[package.dependencies]
zipp = ">=0.5"

[package.extras]
docs = ["sphinx", "rst.linker"]
testing = ["packaging", "importlib-resources"]

[[package]]
name = "more-itertools"
version = "8.2.0"
description = "More routines for operating on iterables, beyond itertools"
category = "dev"
optional = false
python-versions = ">=3.5"

[[package]]
name = "nodeenv"
version = "1.3.5"
description = "Node.js virtual environment builder"
category = "dev"
optional = false
python-versions = "*"

[[package]]
name = "packaging"
version = "20.1"
description = "Core utilities for Python packages"
category = "dev"
optional = false
python-versions = ">=2.7, !=3.0.*, !=3.1.*, !=3.2.*, !=3.3.*"

[package.dependencies]
pyparsing = ">=2.0.2"
six = "*"

[[package]]
name = "pluggy"
version = "0.13.1"
description = "plugin and hook calling mechanisms for python"
category = "dev"
optional = false
python-versions = ">=2.7, !=3.0.*, !=3.1.*, !=3.2.*, !=3.3.*"

[package.dependencies]
importlib-metadata = {version = ">=0.12", markers = "python_version < \"3.8\""}

[package.extras]
dev = ["pre-commit", "tox"]

[[package]]
name = "poetry-version"
version = "0.1.5"
description = "Python library for extracting version from poetry pyproject.toml file"
category = "main"
optional = false
python-versions = ">=2.7, !=3.0.*, !=3.1.*, !=3.2.*, !=3.3.*"

[package.dependencies]
tomlkit = ">=0.4.6,<0.6.0"

[[package]]
name = "pre-commit"
version = "2.1.1"
description = "A framework for managing and maintaining multi-language pre-commit hooks."
category = "dev"
optional = false
python-versions = ">=3.6"

[package.dependencies]
cfgv = ">=2.0.0"
identify = ">=1.0.0"
importlib-metadata = {version = "*", markers = "python_version < \"3.8\""}
nodeenv = ">=0.11.1"
pyyaml = ">=5.1"
toml = "*"
virtualenv = ">=15.2"

[[package]]
name = "py"
version = "1.8.1"
description = "library with cross-python path, ini-parsing, io, code, log facilities"
category = "dev"
optional = false
python-versions = ">=2.7, !=3.0.*, !=3.1.*, !=3.2.*, !=3.3.*"

[[package]]
name = "pyparsing"
version = "2.4.6"
description = "Python parsing module"
category = "dev"
optional = false
python-versions = ">=2.6, !=3.0.*, !=3.1.*, !=3.2.*"

[[package]]
name = "pytest"
version = "5.3.5"
description = "pytest: simple powerful testing with Python"
category = "dev"
optional = false
python-versions = ">=3.5"

[package.dependencies]
atomicwrites = {version = ">=1.0", markers = "sys_platform == \"win32\""}
attrs = ">=17.4.0"
colorama = {version = "*", markers = "sys_platform == \"win32\""}
importlib-metadata = {version = ">=0.12", markers = "python_version < \"3.8\""}
more-itertools = ">=4.0.0"
packaging = "*"
pluggy = ">=0.12,<1.0"
py = ">=1.5.0"
wcwidth = "*"

[package.extras]
checkqa-mypy = ["mypy (==v0.761)"]
testing = ["argcomplete", "hypothesis (>=3.56)", "mock", "nose", "requests", "xmlschema"]

[[package]]
name = "pytest-cov"
version = "2.11.1"
description = "Pytest plugin for measuring coverage."
category = "dev"
optional = false
python-versions = ">=2.7, !=3.0.*, !=3.1.*, !=3.2.*, !=3.3.*, !=3.4.*"

[package.dependencies]
coverage = ">=5.2.1"
pytest = ">=4.6"

[package.extras]
testing = ["fields", "hunter", "process-tests (==2.0.2)", "six", "pytest-xdist", "virtualenv"]

[[package]]
name = "python-dotenv"
version = "0.12.0"
description = "Add .env support to your django/flask apps in development and deployments"
category = "main"
optional = false
python-versions = "*"

[package.extras]
cli = ["click (>=5.0)"]

[[package]]
name = "pyyaml"
version = "5.3"
description = "YAML parser and emitter for Python"
category = "main"
optional = false
python-versions = ">=2.7, !=3.0.*, !=3.1.*, !=3.2.*, !=3.3.*, !=3.4.*"

[[package]]
name = "six"
version = "1.14.0"
description = "Python 2 and 3 compatibility utilities"
category = "dev"
optional = false
python-versions = ">=2.7, !=3.0.*, !=3.1.*, !=3.2.*"

[[package]]
name = "toml"
version = "0.10.0"
description = "Python Library for Tom's Obvious, Minimal Language"
category = "dev"
optional = false
python-versions = "*"

[[package]]
name = "tomlkit"
version = "0.5.8"
description = "Style preserving TOML library"
category = "main"
optional = false
python-versions = ">=2.7, !=3.0.*, !=3.1.*, !=3.2.*, !=3.3.*"

[[package]]
name = "virtualenv"
version = "20.0.5"
description = "Virtual Python Environment builder"
category = "dev"
optional = false
python-versions = "!=3.0.*,!=3.1.*,!=3.2.*,!=3.3.*,>=2.7"

[package.dependencies]
appdirs = ">=1.4.3,<2"
distlib = ">=0.3.0,<1"
filelock = ">=3.0.0,<4"
importlib-metadata = {version = ">=0.12,<2", markers = "python_version < \"3.8\""}
six = ">=1.9.0,<2"

[package.extras]
docs = ["sphinx (>=2.0.0,<3)", "sphinx-argparse (>=0.2.5,<1)", "sphinx-rtd-theme (>=0.4.3,<1)", "towncrier (>=19.9.0rc1)", "proselint (>=0.10.2,<1)"]
testing = ["pytest (>=4.0.0,<6)", "coverage (>=4.5.1,<6)", "pytest-mock (>=2.0.0,<3)", "pytest-env (>=0.6.2,<1)", "packaging (>=20.0)", "xonsh (>=0.9.13,<1)"]

[[package]]
name = "wcwidth"
version = "0.1.8"
description = "Measures number of Terminal column cells of wide-character codes"
category = "dev"
optional = false
python-versions = "*"

[[package]]
name = "zipp"
version = "3.0.0"
description = "Backport of pathlib-compatible object wrapper for zip files"
category = "dev"
optional = false
python-versions = ">=3.6"

[package.extras]
docs = ["sphinx", "jaraco.packaging (>=3.2)", "rst.linker (>=1.9)"]
testing = ["jaraco.itertools", "func-timeout"]

[metadata]
lock-version = "1.1"
python-versions = "==3.*,>=3.7.0"
content-hash = "763ffd8a376daf77bc59a8ce4af39bd70edf7f60890424597b2bc0d9c984740f"

[metadata.files]
appdirs = [
    {file = "appdirs-1.4.3-py2.py3-none-any.whl", hash = "sha256:d8b24664561d0d34ddfaec54636d502d7cea6e29c3eaf68f3df6180863e2166e"},
    {file = "appdirs-1.4.3.tar.gz", hash = "sha256:9e5896d1372858f8dd3344faf4e5014d21849c756c8d5701f78f8a103b372d92"},
]
atomicwrites = [
    {file = "atomicwrites-1.3.0-py2.py3-none-any.whl", hash = "sha256:03472c30eb2c5d1ba9227e4c2ca66ab8287fbfbbda3888aa93dc2e28fc6811b4"},
    {file = "atomicwrites-1.3.0.tar.gz", hash = "sha256:75a9445bac02d8d058d5e1fe689654ba5a6556a1dfd8ce6ec55a0ed79866cfa6"},
]
attrs = [
    {file = "attrs-19.3.0-py2.py3-none-any.whl", hash = "sha256:08a96c641c3a74e44eb59afb61a24f2cb9f4d7188748e76ba4bb5edfa3cb7d1c"},
    {file = "attrs-19.3.0.tar.gz", hash = "sha256:f7b7ce16570fe9965acd6d30101a28f62fb4a7f9e926b3bbc9b61f8b04247e72"},
]
cfgv = [
    {file = "cfgv-3.0.0-py2.py3-none-any.whl", hash = "sha256:f22b426ed59cd2ab2b54ff96608d846c33dfb8766a67f0b4a6ce130ce244414f"},
    {file = "cfgv-3.0.0.tar.gz", hash = "sha256:04b093b14ddf9fd4d17c53ebfd55582d27b76ed30050193c14e560770c5360eb"},
]
click = [
    {file = "Click-7.0-py2.py3-none-any.whl", hash = "sha256:2335065e6395b9e67ca716de5f7526736bfa6ceead690adf616d925bdc622b13"},
    {file = "Click-7.0.tar.gz", hash = "sha256:5b94b49521f6456670fdb30cd82a4eca9412788a93fa6dd6df72c94d5a8ff2d7"},
]
colorama = [
    {file = "colorama-0.4.3-py2.py3-none-any.whl", hash = "sha256:7d73d2a99753107a36ac6b455ee49046802e59d9d076ef8e47b61499fa29afff"},
    {file = "colorama-0.4.3.tar.gz", hash = "sha256:e96da0d330793e2cb9485e9ddfd918d456036c7149416295932478192f4436a1"},
]
coverage = [
    {file = "coverage-5.3.1-cp27-cp27m-macosx_10_9_x86_64.whl", hash = "sha256:fabeeb121735d47d8eab8671b6b031ce08514c86b7ad8f7d5490a7b6dcd6267d"},
    {file = "coverage-5.3.1-cp27-cp27m-manylinux1_i686.whl", hash = "sha256:7e4d159021c2029b958b2363abec4a11db0ce8cd43abb0d9ce44284cb97217e7"},
    {file = "coverage-5.3.1-cp27-cp27m-manylinux1_x86_64.whl", hash = "sha256:378ac77af41350a8c6b8801a66021b52da8a05fd77e578b7380e876c0ce4f528"},
    {file = "coverage-5.3.1-cp27-cp27m-manylinux2010_i686.whl", hash = "sha256:e448f56cfeae7b1b3b5bcd99bb377cde7c4eb1970a525c770720a352bc4c8044"},
    {file = "coverage-5.3.1-cp27-cp27m-manylinux2010_x86_64.whl", hash = "sha256:cc44e3545d908ecf3e5773266c487ad1877be718d9dc65fc7eb6e7d14960985b"},
    {file = "coverage-5.3.1-cp27-cp27m-win32.whl", hash = "sha256:08b3ba72bd981531fd557f67beee376d6700fba183b167857038997ba30dd297"},
    {file = "coverage-5.3.1-cp27-cp27m-win_amd64.whl", hash = "sha256:8dacc4073c359f40fcf73aede8428c35f84639baad7e1b46fce5ab7a8a7be4bb"},
    {file = "coverage-5.3.1-cp27-cp27mu-manylinux1_i686.whl", hash = "sha256:ee2f1d1c223c3d2c24e3afbb2dd38be3f03b1a8d6a83ee3d9eb8c36a52bee899"},
    {file = "coverage-5.3.1-cp27-cp27mu-manylinux1_x86_64.whl", hash = "sha256:9a9d4ff06804920388aab69c5ea8a77525cf165356db70131616acd269e19b36"},
    {file = "coverage-5.3.1-cp27-cp27mu-manylinux2010_i686.whl", hash = "sha256:782a5c7df9f91979a7a21792e09b34a658058896628217ae6362088b123c8500"},
    {file = "coverage-5.3.1-cp27-cp27mu-manylinux2010_x86_64.whl", hash = "sha256:fda29412a66099af6d6de0baa6bd7c52674de177ec2ad2630ca264142d69c6c7"},
    {file = "coverage-5.3.1-cp35-cp35m-macosx_10_9_x86_64.whl", hash = "sha256:f2c6888eada180814b8583c3e793f3f343a692fc802546eed45f40a001b1169f"},
    {file = "coverage-5.3.1-cp35-cp35m-manylinux1_i686.whl", hash = "sha256:8f33d1156241c43755137288dea619105477961cfa7e47f48dbf96bc2c30720b"},
    {file = "coverage-5.3.1-cp35-cp35m-manylinux1_x86_64.whl", hash = "sha256:b239711e774c8eb910e9b1ac719f02f5ae4bf35fa0420f438cdc3a7e4e7dd6ec"},
    {file = "coverage-5.3.1-cp35-cp35m-manylinux2010_i686.whl", hash = "sha256:f54de00baf200b4539a5a092a759f000b5f45fd226d6d25a76b0dff71177a714"},
    {file = "coverage-5.3.1-cp35-cp35m-manylinux2010_x86_64.whl", hash = "sha256:be0416074d7f253865bb67630cf7210cbc14eb05f4099cc0f82430135aaa7a3b"},
    {file = "coverage-5.3.1-cp35-cp35m-win32.whl", hash = "sha256:c46643970dff9f5c976c6512fd35768c4a3819f01f61169d8cdac3f9290903b7"},
    {file = "coverage-5.3.1-cp35-cp35m-win_amd64.whl", hash = "sha256:9a4f66259bdd6964d8cf26142733c81fb562252db74ea367d9beb4f815478e72"},
    {file = "coverage-5.3.1-cp36-cp36m-macosx_10_9_x86_64.whl", hash = "sha256:c6e5174f8ca585755988bc278c8bb5d02d9dc2e971591ef4a1baabdf2d99589b"},
    {file = "coverage-5.3.1-cp36-cp36m-manylinux1_i686.whl", hash = "sha256:3911c2ef96e5ddc748a3c8b4702c61986628bb719b8378bf1e4a6184bbd48fe4"},
    {file = "coverage-5.3.1-cp36-cp36m-manylinux1_x86_64.whl", hash = "sha256:c5ec71fd4a43b6d84ddb88c1df94572479d9a26ef3f150cef3dacefecf888105"},
    {file = "coverage-5.3.1-cp36-cp36m-manylinux2010_i686.whl", hash = "sha256:f51dbba78d68a44e99d484ca8c8f604f17e957c1ca09c3ebc2c7e3bbd9ba0448"},
    {file = "coverage-5.3.1-cp36-cp36m-manylinux2010_x86_64.whl", hash = "sha256:a2070c5affdb3a5e751f24208c5c4f3d5f008fa04d28731416e023c93b275277"},
    {file = "coverage-5.3.1-cp36-cp36m-win32.whl", hash = "sha256:535dc1e6e68fad5355f9984d5637c33badbdc987b0c0d303ee95a6c979c9516f"},
    {file = "coverage-5.3.1-cp36-cp36m-win_amd64.whl", hash = "sha256:a4857f7e2bc6921dbd487c5c88b84f5633de3e7d416c4dc0bb70256775551a6c"},
    {file = "coverage-5.3.1-cp37-cp37m-macosx_10_9_x86_64.whl", hash = "sha256:fac3c432851038b3e6afe086f777732bcf7f6ebbfd90951fa04ee53db6d0bcdd"},
    {file = "coverage-5.3.1-cp37-cp37m-manylinux1_i686.whl", hash = "sha256:cd556c79ad665faeae28020a0ab3bda6cd47d94bec48e36970719b0b86e4dcf4"},
    {file = "coverage-5.3.1-cp37-cp37m-manylinux1_x86_64.whl", hash = "sha256:a66ca3bdf21c653e47f726ca57f46ba7fc1f260ad99ba783acc3e58e3ebdb9ff"},
    {file = "coverage-5.3.1-cp37-cp37m-manylinux2010_i686.whl", hash = "sha256:ab110c48bc3d97b4d19af41865e14531f300b482da21783fdaacd159251890e8"},
    {file = "coverage-5.3.1-cp37-cp37m-manylinux2010_x86_64.whl", hash = "sha256:e52d3d95df81c8f6b2a1685aabffadf2d2d9ad97203a40f8d61e51b70f191e4e"},
    {file = "coverage-5.3.1-cp37-cp37m-win32.whl", hash = "sha256:fa10fee7e32213f5c7b0d6428ea92e3a3fdd6d725590238a3f92c0de1c78b9d2"},
    {file = "coverage-5.3.1-cp37-cp37m-win_amd64.whl", hash = "sha256:ce6f3a147b4b1a8b09aae48517ae91139b1b010c5f36423fa2b866a8b23df879"},
    {file = "coverage-5.3.1-cp38-cp38-macosx_10_9_x86_64.whl", hash = "sha256:93a280c9eb736a0dcca19296f3c30c720cb41a71b1f9e617f341f0a8e791a69b"},
    {file = "coverage-5.3.1-cp38-cp38-manylinux1_i686.whl", hash = "sha256:3102bb2c206700a7d28181dbe04d66b30780cde1d1c02c5f3c165cf3d2489497"},
    {file = "coverage-5.3.1-cp38-cp38-manylinux1_x86_64.whl", hash = "sha256:8ffd4b204d7de77b5dd558cdff986a8274796a1e57813ed005b33fd97e29f059"},
    {file = "coverage-5.3.1-cp38-cp38-manylinux2010_i686.whl", hash = "sha256:a607ae05b6c96057ba86c811d9c43423f35e03874ffb03fbdcd45e0637e8b631"},
    {file = "coverage-5.3.1-cp38-cp38-manylinux2010_x86_64.whl", hash = "sha256:3a3c3f8863255f3c31db3889f8055989527173ef6192a283eb6f4db3c579d830"},
    {file = "coverage-5.3.1-cp38-cp38-win32.whl", hash = "sha256:ff1330e8bc996570221b450e2d539134baa9465f5cb98aff0e0f73f34172e0ae"},
    {file = "coverage-5.3.1-cp38-cp38-win_amd64.whl", hash = "sha256:3498b27d8236057def41de3585f317abae235dd3a11d33e01736ffedb2ef8606"},
    {file = "coverage-5.3.1-cp39-cp39-macosx_10_9_x86_64.whl", hash = "sha256:ceb499d2b3d1d7b7ba23abe8bf26df5f06ba8c71127f188333dddcf356b4b63f"},
    {file = "coverage-5.3.1-cp39-cp39-manylinux1_i686.whl", hash = "sha256:3b14b1da110ea50c8bcbadc3b82c3933974dbeea1832e814aab93ca1163cd4c1"},
    {file = "coverage-5.3.1-cp39-cp39-manylinux1_x86_64.whl", hash = "sha256:76b2775dda7e78680d688daabcb485dc87cf5e3184a0b3e012e1d40e38527cc8"},
    {file = "coverage-5.3.1-cp39-cp39-manylinux2010_i686.whl", hash = "sha256:cef06fb382557f66d81d804230c11ab292d94b840b3cb7bf4450778377b592f4"},
    {file = "coverage-5.3.1-cp39-cp39-manylinux2010_x86_64.whl", hash = "sha256:6f61319e33222591f885c598e3e24f6a4be3533c1d70c19e0dc59e83a71ce27d"},
    {file = "coverage-5.3.1-cp39-cp39-win32.whl", hash = "sha256:cc6f8246e74dd210d7e2b56c76ceaba1cc52b025cd75dbe96eb48791e0250e98"},
    {file = "coverage-5.3.1-cp39-cp39-win_amd64.whl", hash = "sha256:2757fa64e11ec12220968f65d086b7a29b6583d16e9a544c889b22ba98555ef1"},
    {file = "coverage-5.3.1-pp36-none-any.whl", hash = "sha256:723d22d324e7997a651478e9c5a3120a0ecbc9a7e94071f7e1954562a8806cf3"},
    {file = "coverage-5.3.1-pp37-none-any.whl", hash = "sha256:c89b558f8a9a5a6f2cfc923c304d49f0ce629c3bd85cb442ca258ec20366394c"},
    {file = "coverage-5.3.1.tar.gz", hash = "sha256:38f16b1317b8dd82df67ed5daa5f5e7c959e46579840d77a67a4ceb9cef0a50b"},
]
distlib = [
    {file = "distlib-0.3.0.zip", hash = "sha256:2e166e231a26b36d6dfe35a48c4464346620f8645ed0ace01ee31822b288de21"},
]
filelock = [
    {file = "filelock-3.0.12-py3-none-any.whl", hash = "sha256:929b7d63ec5b7d6b71b0fa5ac14e030b3f70b75747cef1b10da9b879fef15836"},
    {file = "filelock-3.0.12.tar.gz", hash = "sha256:18d82244ee114f543149c66a6e0c14e9c4f8a1044b5cdaadd0f82159d6a6ff59"},
]
identify = [
    {file = "identify-1.4.11-py2.py3-none-any.whl", hash = "sha256:1222b648251bdcb8deb240b294f450fbf704c7984e08baa92507e4ea10b436d5"},
    {file = "identify-1.4.11.tar.gz", hash = "sha256:d824ebe21f38325c771c41b08a95a761db1982f1fc0eee37c6c97df3f1636b96"},
]
importlib-metadata = [
    {file = "importlib_metadata-1.5.0-py2.py3-none-any.whl", hash = "sha256:b97607a1a18a5100839aec1dc26a1ea17ee0d93b20b0f008d80a5a050afb200b"},
    {file = "importlib_metadata-1.5.0.tar.gz", hash = "sha256:06f5b3a99029c7134207dd882428a66992a9de2bef7c2b699b5641f9886c3302"},
]
more-itertools = [
    {file = "more-itertools-8.2.0.tar.gz", hash = "sha256:b1ddb932186d8a6ac451e1d95844b382f55e12686d51ca0c68b6f61f2ab7a507"},
    {file = "more_itertools-8.2.0-py3-none-any.whl", hash = "sha256:5dd8bcf33e5f9513ffa06d5ad33d78f31e1931ac9a18f33d37e77a180d393a7c"},
]
nodeenv = [
    {file = "nodeenv-1.3.5-py2.py3-none-any.whl", hash = "sha256:5b2438f2e42af54ca968dd1b374d14a1194848955187b0e5e4be1f73813a5212"},
    {file = "nodeenv-1.3.5.tar.gz", hash = "sha256:7389d06a7ea50c80ca51eda1b185db7b9ec38af1304d12d8b8299d6218486e91"},
]
packaging = [
    {file = "packaging-20.1-py2.py3-none-any.whl", hash = "sha256:170748228214b70b672c581a3dd610ee51f733018650740e98c7df862a583f73"},
    {file = "packaging-20.1.tar.gz", hash = "sha256:e665345f9eef0c621aa0bf2f8d78cf6d21904eef16a93f020240b704a57f1334"},
]
pluggy = [
    {file = "pluggy-0.13.1-py2.py3-none-any.whl", hash = "sha256:966c145cd83c96502c3c3868f50408687b38434af77734af1e9ca461a4081d2d"},
    {file = "pluggy-0.13.1.tar.gz", hash = "sha256:15b2acde666561e1298d71b523007ed7364de07029219b604cf808bfa1c765b0"},
]
poetry-version = [
    {file = "poetry-version-0.1.5.tar.gz", hash = "sha256:f7d77b5c4f0761c5a5b9031f199c79c7f81d125676248053ea84e69ad79faa89"},
    {file = "poetry_version-0.1.5-py2.py3-none-any.whl", hash = "sha256:ba259257640cd36c76375563a001b9e85c6f54d764cc56b3eed0f3b5cefb0317"},
]
pre-commit = [
    {file = "pre_commit-2.1.1-py2.py3-none-any.whl", hash = "sha256:09ebe467f43ce24377f8c2f200fe3cd2570d328eb2ce0568c8e96ce19da45fa6"},
    {file = "pre_commit-2.1.1.tar.gz", hash = "sha256:f8d555e31e2051892c7f7b3ad9f620bd2c09271d87e9eedb2ad831737d6211eb"},
]
py = [
    {file = "py-1.8.1-py2.py3-none-any.whl", hash = "sha256:c20fdd83a5dbc0af9efd622bee9a5564e278f6380fffcacc43ba6f43db2813b0"},
    {file = "py-1.8.1.tar.gz", hash = "sha256:5e27081401262157467ad6e7f851b7aa402c5852dbcb3dae06768434de5752aa"},
]
pyparsing = [
    {file = "pyparsing-2.4.6-py2.py3-none-any.whl", hash = "sha256:c342dccb5250c08d45fd6f8b4a559613ca603b57498511740e65cd11a2e7dcec"},
    {file = "pyparsing-2.4.6.tar.gz", hash = "sha256:4c830582a84fb022400b85429791bc551f1f4871c33f23e44f353119e92f969f"},
]
pytest = [
    {file = "pytest-5.3.5-py3-none-any.whl", hash = "sha256:ff615c761e25eb25df19edddc0b970302d2a9091fbce0e7213298d85fb61fef6"},
    {file = "pytest-5.3.5.tar.gz", hash = "sha256:0d5fe9189a148acc3c3eb2ac8e1ac0742cb7618c084f3d228baaec0c254b318d"},
]
pytest-cov = [
    {file = "pytest-cov-2.11.1.tar.gz", hash = "sha256:359952d9d39b9f822d9d29324483e7ba04a3a17dd7d05aa6beb7ea01e359e5f7"},
    {file = "pytest_cov-2.11.1-py2.py3-none-any.whl", hash = "sha256:bdb9fdb0b85a7cc825269a4c56b48ccaa5c7e365054b6038772c32ddcdc969da"},
]
python-dotenv = [
    {file = "python-dotenv-0.12.0.tar.gz", hash = "sha256:92b3123fb2d58a284f76cc92bfe4ee6c502c32ded73e8b051c4f6afc8b6751ed"},
    {file = "python_dotenv-0.12.0-py2.py3-none-any.whl", hash = "sha256:81822227f771e0cab235a2939f0f265954ac4763cafd806d845801c863bf372f"},
]
pyyaml = [
    {file = "PyYAML-5.3-cp27-cp27m-win32.whl", hash = "sha256:940532b111b1952befd7db542c370887a8611660d2b9becff75d39355303d82d"},
    {file = "PyYAML-5.3-cp27-cp27m-win_amd64.whl", hash = "sha256:059b2ee3194d718896c0ad077dd8c043e5e909d9180f387ce42012662a4946d6"},
    {file = "PyYAML-5.3-cp35-cp35m-win32.whl", hash = "sha256:4fee71aa5bc6ed9d5f116327c04273e25ae31a3020386916905767ec4fc5317e"},
    {file = "PyYAML-5.3-cp35-cp35m-win_amd64.whl", hash = "sha256:dbbb2379c19ed6042e8f11f2a2c66d39cceb8aeace421bfc29d085d93eda3689"},
    {file = "PyYAML-5.3-cp36-cp36m-win32.whl", hash = "sha256:e3a057b7a64f1222b56e47bcff5e4b94c4f61faac04c7c4ecb1985e18caa3994"},
    {file = "PyYAML-5.3-cp36-cp36m-win_amd64.whl", hash = "sha256:74782fbd4d4f87ff04159e986886931456a1894c61229be9eaf4de6f6e44b99e"},
    {file = "PyYAML-5.3-cp37-cp37m-win32.whl", hash = "sha256:24521fa2890642614558b492b473bee0ac1f8057a7263156b02e8b14c88ce6f5"},
    {file = "PyYAML-5.3-cp37-cp37m-win_amd64.whl", hash = "sha256:1cf708e2ac57f3aabc87405f04b86354f66799c8e62c28c5fc5f88b5521b2dbf"},
    {file = "PyYAML-5.3-cp38-cp38-win32.whl", hash = "sha256:70024e02197337533eef7b85b068212420f950319cc8c580261963aefc75f811"},
    {file = "PyYAML-5.3-cp38-cp38-win_amd64.whl", hash = "sha256:cb1f2f5e426dc9f07a7681419fe39cee823bb74f723f36f70399123f439e9b20"},
    {file = "PyYAML-5.3.tar.gz", hash = "sha256:e9f45bd5b92c7974e59bcd2dcc8631a6b6cc380a904725fce7bc08872e691615"},
]
six = [
    {file = "six-1.14.0-py2.py3-none-any.whl", hash = "sha256:8f3cd2e254d8f793e7f3d6d9df77b92252b52637291d0f0da013c76ea2724b6c"},
    {file = "six-1.14.0.tar.gz", hash = "sha256:236bdbdce46e6e6a3d61a337c0f8b763ca1e8717c03b369e87a7ec7ce1319c0a"},
]
toml = [
    {file = "toml-0.10.0-py2.7.egg", hash = "sha256:f1db651f9657708513243e61e6cc67d101a39bad662eaa9b5546f789338e07a3"},
    {file = "toml-0.10.0-py2.py3-none-any.whl", hash = "sha256:235682dd292d5899d361a811df37e04a8828a5b1da3115886b73cf81ebc9100e"},
    {file = "toml-0.10.0.tar.gz", hash = "sha256:229f81c57791a41d65e399fc06bf0848bab550a9dfd5ed66df18ce5f05e73d5c"},
]
tomlkit = [
    {file = "tomlkit-0.5.8-py2.py3-none-any.whl", hash = "sha256:96e6369288571799a3052c1ef93b9de440e1ab751aa045f435b55e9d3bcd0690"},
    {file = "tomlkit-0.5.8.tar.gz", hash = "sha256:32c10cc16ded7e4101c79f269910658cc2a0be5913f1252121c3cd603051c269"},
]
virtualenv = [
    {file = "virtualenv-20.0.5-py2.py3-none-any.whl", hash = "sha256:5dd42a9f56307542bddc446cfd10ef6576f11910366a07609fe8d0d88fa8fb7e"},
    {file = "virtualenv-20.0.5.tar.gz", hash = "sha256:531b142e300d405bb9faedad4adbeb82b4098b918e35209af2adef3129274aae"},
]
wcwidth = [
    {file = "wcwidth-0.1.8-py2.py3-none-any.whl", hash = "sha256:8fd29383f539be45b20bd4df0dc29c20ba48654a41e661925e612311e9f3c603"},
    {file = "wcwidth-0.1.8.tar.gz", hash = "sha256:f28b3e8a6483e5d49e7f8949ac1a78314e740333ae305b4ba5defd3e74fb37a8"},
]
zipp = [
    {file = "zipp-3.0.0-py3-none-any.whl", hash = "sha256:12248a63bbdf7548f89cb4c7cda4681e537031eda29c02ea29674bc6854460c2"},
    {file = "zipp-3.0.0.tar.gz", hash = "sha256:7c0f8e91abc0dc07a5068f315c52cb30c66bfbc581e5b50704c8a2f6ebae794a"},
]
